
Microsoft Visual Studio Solution File, Format Version 12.00
# Visual Studio 14
VisualStudioVersion = 14.0.25420.1
MinimumVisualStudioVersion = 10.0.40219.1
Project("{FAE04EC0-301F-11D3-BF4B-00C04F79EFBC}") = "Netvanced Proxy Tool", "Netvanced Proxy Tool\Netvanced Proxy Tool.csproj", "{900EA3B7-A051-4A05-83C7-CE10C61545F7}"
EndProject
Project("{2150E333-8FDC-42A3-9474-1A3956D46DE8}") = "Classes", "Classes", "{70A43A1C-C506-4D76-BC7E-7E0AA60A500F}"
	ProjectSection(SolutionItems) = preProject
		Netvanced Proxy Tool\Defaults.cs = Netvanced Proxy Tool\Defaults.cs
	EndProjectSection
EndProject
Global
	GlobalSection(SolutionConfigurationPlatforms) = preSolution
		Debug|Any CPU = Debug|Any CPU
		Release|Any CPU = Release|Any CPU
	EndGlobalSection
	GlobalSection(ProjectConfigurationPlatforms) = postSolution
		{900EA3B7-A051-4A05-83C7-CE10C61545F7}.Debug|Any CPU.ActiveCfg = Debug|Any CPU
		{900EA3B7-A051-4A05-83C7-CE10C61545F7}.Debug|Any CPU.Build.0 = Debug|Any CPU
		{900EA3B7-A051-4A05-83C7-CE10C61545F7}.Release|Any CPU.ActiveCfg = Release|Any CPU
		{900EA3B7-A051-4A05-83C7-CE10C61545F7}.Release|Any CPU.Build.0 = Release|Any CPU
	EndGlobalSection
	GlobalSection(SolutionProperties) = preSolution
		HideSolutionNode = FALSE
	EndGlobalSection
EndGlobal
